{
  "object": {
    "pins": [
      {
        "package": "Tap Framework",
        "repositoryURL": "https://github.com/brankas/core-sdk-ios",
        "state": {
          "branch": "master",
          "revision": "6a9e016b3a18015dd698f7fd81420f84b0c0ddd6",
          "version": null
        }
      }
    ]
  },
  "version": 1
}
