{
  "pins" : [
    {
      "identity" : "core-sdk-ios",
      "kind" : "remoteSourceControl",
      "location" : "https://github.com/brankas/core-sdk-ios",
      "state" : {
        "branch" : "master",
        "revision" : "5e4dbf5ff6af9c5f37142a625441b386087b4111"
      }
    }
  ],
  "version" : 2
}
