{
  "pins" : [
    {
      "identity" : "core-sdk-ios",
      "kind" : "remoteSourceControl",
      "location" : "https://github.com/brankas/core-sdk-ios",
      "state" : {
        "branch" : "master",
        "revision" : "361908f384270c4d464089c680dc8f8490bc08fc"
      }
    }
  ],
  "version" : 2
}
