// !$*UTF8*$!
{
	archiveVersion = 1;
	classes = {
	};
	objectVersion = 52;
	objects = {

/* Begin PBXBuildFile section */
		00AF44AB28353AA9003F2656 /* RxCocoa in Frameworks */ = {isa = PBXBuildFile; productRef = 00AF44AA28353AA9003F2656 /* RxCocoa */; };
		00AF44AD28353AA9003F2656 /* RxSwift in Frameworks */ = {isa = PBXBuildFile; productRef = 00AF44AC28353AA9003F2656 /* RxSwift */; };
		00F45A902833D95400749BD7 /* TPKeyboardAvoiding in Frameworks */ = {isa = PBXBuildFile; productRef = 00F45A8F2833D95400749BD7 /* TPKeyboardAvoiding */; };
		00F45A952833DD5400749BD7 /* Ubuntu-Regular.ttf in Resources */ = {isa = PBXBuildFile; fileRef = 00F45A922833DD5300749BD7 /* Ubuntu-Regular.ttf */; };
		00F45A962833DD5400749BD7 /* Lato-Bold.ttf in Resources */ = {isa = PBXBuildFile; fileRef = 00F45A932833DD5300749BD7 /* Lato-Bold.ttf */; };
		00F45A972833DD5400749BD7 /* Lato-Regular.ttf in Resources */ = {isa = PBXBuildFile; fileRef = 00F45A942833DD5400749BD7 /* Lato-Regular.ttf */; };
		00F45A9A2833F98D00749BD7 /* SDWebImageSVGCoder in Frameworks */ = {isa = PBXBuildFile; productRef = 00F45A992833F98D00749BD7 /* SDWebImageSVGCoder */; };
		8E06A5BF256DEAFC009004DD /* AppDelegate.swift in Sources */ = {isa = PBXBuildFile; fileRef = 8E06A5BE256DEAFC009004DD /* AppDelegate.swift */; };
		8E06A5C1256DEAFC009004DD /* SceneDelegate.swift in Sources */ = {isa = PBXBuildFile; fileRef = 8E06A5C0256DEAFC009004DD /* SceneDelegate.swift */; };
		8E06A5C3256DEAFC009004DD /* ViewController.swift in Sources */ = {isa = PBXBuildFile; fileRef = 8E06A5C2256DEAFC009004DD /* ViewController.swift */; };
		8E06A5C6256DEAFC009004DD /* Main.storyboard in Resources */ = {isa = PBXBuildFile; fileRef = 8E06A5C4256DEAFC009004DD /* Main.storyboard */; };
		8E06A5C8256DEAFC009004DD /* Assets.xcassets in Resources */ = {isa = PBXBuildFile; fileRef = 8E06A5C7256DEAFC009004DD /* Assets.xcassets */; };
		8E06A5CB256DEAFC009004DD /* LaunchScreen.storyboard in Resources */ = {isa = PBXBuildFile; fileRef = 8E06A5C9256DEAFC009004DD /* LaunchScreen.storyboard */; };
		8E90E3A12845F3A600C4AB07 /* DirectTap in Frameworks */ = {isa = PBXBuildFile; productRef = 8E90E3A02845F3A600C4AB07 /* DirectTap */; };
		8EE1C1512583070C00FCB79C /* Constants.swift in Sources */ = {isa = PBXBuildFile; fileRef = 8EE1C1502583070C00FCB79C /* Constants.swift */; };
/* End PBXBuildFile section */

/* Begin PBXCopyFilesBuildPhase section */
		8E38792B257C7F3B002FC233 /* Embed Frameworks */ = {
			isa = PBXCopyFilesBuildPhase;
			buildActionMask = 2147483647;
			dstPath = "";
			dstSubfolderSpec = 10;
			files = (
			);
			name = "Embed Frameworks";
			runOnlyForDeploymentPostprocessing = 0;
		};
/* End PBXCopyFilesBuildPhase section */

/* Begin PBXFileReference section */
		00F45A922833DD5300749BD7 /* Ubuntu-Regular.ttf */ = {isa = PBXFileReference; lastKnownFileType = file; path = "Ubuntu-Regular.ttf"; sourceTree = "<group>"; };
		00F45A932833DD5300749BD7 /* Lato-Bold.ttf */ = {isa = PBXFileReference; lastKnownFileType = file; path = "Lato-Bold.ttf"; sourceTree = "<group>"; };
		00F45A942833DD5400749BD7 /* Lato-Regular.ttf */ = {isa = PBXFileReference; lastKnownFileType = file; path = "Lato-Regular.ttf"; sourceTree = "<group>"; };
		8E06A5BB256DEAFC009004DD /* TestApp.app */ = {isa = PBXFileReference; explicitFileType = wrapper.application; includeInIndex = 0; path = TestApp.app; sourceTree = BUILT_PRODUCTS_DIR; };
		8E06A5BE256DEAFC009004DD /* AppDelegate.swift */ = {isa = PBXFileReference; lastKnownFileType = sourcecode.swift; path = AppDelegate.swift; sourceTree = "<group>"; };
		8E06A5C0256DEAFC009004DD /* SceneDelegate.swift */ = {isa = PBXFileReference; lastKnownFileType = sourcecode.swift; path = SceneDelegate.swift; sourceTree = "<group>"; };
		8E06A5C2256DEAFC009004DD /* ViewController.swift */ = {isa = PBXFileReference; lastKnownFileType = sourcecode.swift; path = ViewController.swift; sourceTree = "<group>"; };
		8E06A5C5256DEAFC009004DD /* Base */ = {isa = PBXFileReference; lastKnownFileType = file.storyboard; name = Base; path = Base.lproj/Main.storyboard; sourceTree = "<group>"; };
		8E06A5C7256DEAFC009004DD /* Assets.xcassets */ = {isa = PBXFileReference; lastKnownFileType = folder.assetcatalog; path = Assets.xcassets; sourceTree = "<group>"; };
		8E06A5CA256DEAFC009004DD /* Base */ = {isa = PBXFileReference; lastKnownFileType = file.storyboard; name = Base; path = Base.lproj/LaunchScreen.storyboard; sourceTree = "<group>"; };
		8E06A5CC256DEAFC009004DD /* Info.plist */ = {isa = PBXFileReference; lastKnownFileType = text.plist.xml; path = Info.plist; sourceTree = "<group>"; };
		8EE1C1502583070C00FCB79C /* Constants.swift */ = {isa = PBXFileReference; lastKnownFileType = sourcecode.swift; path = Constants.swift; sourceTree = "<group>"; };
/* End PBXFileReference section */

/* Begin PBXFrameworksBuildPhase section */
		8E06A5B8256DEAFC009004DD /* Frameworks */ = {
			isa = PBXFrameworksBuildPhase;
			buildActionMask = 2147483647;
			files = (
				00F45A9A2833F98D00749BD7 /* SDWebImageSVGCoder in Frameworks */,
				00F45A902833D95400749BD7 /* TPKeyboardAvoiding in Frameworks */,
				00AF44AD28353AA9003F2656 /* RxSwift in Frameworks */,
				00AF44AB28353AA9003F2656 /* RxCocoa in Frameworks */,
				8E90E3A12845F3A600C4AB07 /* DirectTap in Frameworks */,
			);
			runOnlyForDeploymentPostprocessing = 0;
		};
/* End PBXFrameworksBuildPhase section */

/* Begin PBXGroup section */
		00F45A912833DD2B00749BD7 /* Fonts */ = {
			isa = PBXGroup;
			children = (
				00F45A932833DD5300749BD7 /* Lato-Bold.ttf */,
				00F45A942833DD5400749BD7 /* Lato-Regular.ttf */,
				00F45A922833DD5300749BD7 /* Ubuntu-Regular.ttf */,
			);
			path = Fonts;
			sourceTree = "<group>";
		};
		8E06A5B2256DEAFB009004DD = {
			isa = PBXGroup;
			children = (
				8E06A5BD256DEAFC009004DD /* TestApp */,
				8E06A5BC256DEAFC009004DD /* Products */,
				8E75BCFB274E4D240033DE37 /* Frameworks */,
			);
			sourceTree = "<group>";
		};
		8E06A5BC256DEAFC009004DD /* Products */ = {
			isa = PBXGroup;
			children = (
				8E06A5BB256DEAFC009004DD /* TestApp.app */,
			);
			name = Products;
			sourceTree = "<group>";
		};
		8E06A5BD256DEAFC009004DD /* TestApp */ = {
			isa = PBXGroup;
			children = (
				00F45A912833DD2B00749BD7 /* Fonts */,
				8E06A5BE256DEAFC009004DD /* AppDelegate.swift */,
				8E06A5C0256DEAFC009004DD /* SceneDelegate.swift */,
				8E06A5C2256DEAFC009004DD /* ViewController.swift */,
				8E06A5C4256DEAFC009004DD /* Main.storyboard */,
				8E06A5C7256DEAFC009004DD /* Assets.xcassets */,
				8E06A5C9256DEAFC009004DD /* LaunchScreen.storyboard */,
				8E06A5CC256DEAFC009004DD /* Info.plist */,
				8EE1C1502583070C00FCB79C /* Constants.swift */,
			);
			path = TestApp;
			sourceTree = "<group>";
		};
		8E75BCFB274E4D240033DE37 /* Frameworks */ = {
			isa = PBXGroup;
			children = (
			);
			name = Frameworks;
			sourceTree = "<group>";
		};
/* End PBXGroup section */

/* Begin PBXNativeTarget section */
		8E06A5BA256DEAFC009004DD /* TestApp */ = {
			isa = PBXNativeTarget;
			buildConfigurationList = 8E06A5CF256DEAFC009004DD /* Build configuration list for PBXNativeTarget "TestApp" */;
			buildPhases = (
				8E06A5B7256DEAFC009004DD /* Sources */,
				8E06A5B8256DEAFC009004DD /* Frameworks */,
				8E06A5B9256DEAFC009004DD /* Resources */,
				8E38792B257C7F3B002FC233 /* Embed Frameworks */,
			);
			buildRules = (
			);
			dependencies = (
			);
			name = TestApp;
			packageProductDependencies = (
				8E90E3A02845F3A600C4AB07 /* DirectTap */,
				00F45A8F2833D95400749BD7 /* TPKeyboardAvoiding */,
				00F45A992833F98D00749BD7 /* SDWebImageSVGCoder */,
				00AF44AA28353AA9003F2656 /* RxCocoa */,
				00AF44AC28353AA9003F2656 /* RxSwift */,
			);
			productName = TestApp;
			productReference = 8E06A5BB256DEAFC009004DD /* TestApp.app */;
			productType = "com.apple.product-type.application";
		};
/* End PBXNativeTarget section */

/* Begin PBXProject section */
		8E06A5B3256DEAFB009004DD /* Project object */ = {
			isa = PBXProject;
			attributes = {
				LastSwiftUpdateCheck = 1220;
				LastUpgradeCheck = 1220;
				TargetAttributes = {
					8E06A5BA256DEAFC009004DD = {
						CreatedOnToolsVersion = 12.2;
					};
				};
			};
			buildConfigurationList = 8E06A5B6256DEAFB009004DD /* Build configuration list for PBXProject "TestApp" */;
			compatibilityVersion = "Xcode 9.3";
			developmentRegion = en;
			hasScannedForEncodings = 0;
			knownRegions = (
				en,
				Base,
			);
			mainGroup = 8E06A5B2256DEAFB009004DD;
			packageReferences = (
				8E90E39F2845F3A600C4AB07 /* XCRemoteSwiftPackageReference "core-sdk-ios" */,
				00F45A8E2833D95400749BD7 /* XCRemoteSwiftPackageReference "TPKeyboardAvoiding" */,
				00F45A982833F98D00749BD7 /* XCRemoteSwiftPackageReference "SDWebImageSVGCoder" */,
				00AF44A928353AA9003F2656 /* XCRemoteSwiftPackageReference "RxSwift" */,
			);
			productRefGroup = 8E06A5BC256DEAFC009004DD /* Products */;
			projectDirPath = "";
			projectRoot = "";
			targets = (
				8E06A5BA256DEAFC009004DD /* TestApp */,
			);
		};
/* End PBXProject section */

/* Begin PBXResourcesBuildPhase section */
		8E06A5B9256DEAFC009004DD /* Resources */ = {
			isa = PBXResourcesBuildPhase;
			buildActionMask = 2147483647;
			files = (
				00F45A952833DD5400749BD7 /* Ubuntu-Regular.ttf in Resources */,
				00F45A972833DD5400749BD7 /* Lato-Regular.ttf in Resources */,
				00F45A962833DD5400749BD7 /* Lato-Bold.ttf in Resources */,
				8E06A5CB256DEAFC009004DD /* LaunchScreen.storyboard in Resources */,
				8E06A5C8256DEAFC009004DD /* Assets.xcassets in Resources */,
				8E06A5C6256DEAFC009004DD /* Main.storyboard in Resources */,
			);
			runOnlyForDeploymentPostprocessing = 0;
		};
/* End PBXResourcesBuildPhase section */

/* Begin PBXSourcesBuildPhase section */
		8E06A5B7256DEAFC009004DD /* Sources */ = {
			isa = PBXSourcesBuildPhase;
			buildActionMask = 2147483647;
			files = (
				8E06A5C3256DEAFC009004DD /* ViewController.swift in Sources */,
				8E06A5BF256DEAFC009004DD /* AppDelegate.swift in Sources */,
				8E06A5C1256DEAFC009004DD /* SceneDelegate.swift in Sources */,
				8EE1C1512583070C00FCB79C /* Constants.swift in Sources */,
			);
			runOnlyForDeploymentPostprocessing = 0;
		};
/* End PBXSourcesBuildPhase section */

/* Begin PBXVariantGroup section */
		8E06A5C4256DEAFC009004DD /* Main.storyboard */ = {
			isa = PBXVariantGroup;
			children = (
				8E06A5C5256DEAFC009004DD /* Base */,
			);
			name = Main.storyboard;
			sourceTree = "<group>";
		};
		8E06A5C9256DEAFC009004DD /* LaunchScreen.storyboard */ = {
			isa = PBXVariantGroup;
			children = (
				8E06A5CA256DEAFC009004DD /* Base */,
			);
			name = LaunchScreen.storyboard;
			sourceTree = "<group>";
		};
/* End PBXVariantGroup section */

/* Begin XCBuildConfiguration section */
		8E06A5CD256DEAFC009004DD /* Debug */ = {
			isa = XCBuildConfiguration;
			buildSettings = {
				ALWAYS_SEARCH_USER_PATHS = NO;
				CLANG_ANALYZER_NONNULL = YES;
				CLANG_ANALYZER_NUMBER_OBJECT_CONVERSION = YES_AGGRESSIVE;
				CLANG_CXX_LANGUAGE_STANDARD = "gnu++14";
				CLANG_CXX_LIBRARY = "libc++";
				CLANG_ENABLE_MODULES = YES;
				CLANG_ENABLE_OBJC_ARC = YES;
				CLANG_ENABLE_OBJC_WEAK = YES;
				CLANG_WARN_BLOCK_CAPTURE_AUTORELEASING = YES;
				CLANG_WARN_BOOL_CONVERSION = YES;
				CLANG_WARN_COMMA = YES;
				CLANG_WARN_CONSTANT_CONVERSION = YES;
				CLANG_WARN_DEPRECATED_OBJC_IMPLEMENTATIONS = YES;
				CLANG_WARN_DIRECT_OBJC_ISA_USAGE = YES_ERROR;
				CLANG_WARN_DOCUMENTATION_COMMENTS = YES;
				CLANG_WARN_EMPTY_BODY = YES;
				CLANG_WARN_ENUM_CONVERSION = YES;
				CLANG_WARN_INFINITE_RECURSION = YES;
				CLANG_WARN_INT_CONVERSION = YES;
				CLANG_WARN_NON_LITERAL_NULL_CONVERSION = YES;
				CLANG_WARN_OBJC_IMPLICIT_RETAIN_SELF = YES;
				CLANG_WARN_OBJC_LITERAL_CONVERSION = YES;
				CLANG_WARN_OBJC_ROOT_CLASS = YES_ERROR;
				CLANG_WARN_QUOTED_INCLUDE_IN_FRAMEWORK_HEADER = YES;
				CLANG_WARN_RANGE_LOOP_ANALYSIS = YES;
				CLANG_WARN_STRICT_PROTOTYPES = YES;
				CLANG_WARN_SUSPICIOUS_MOVE = YES;
				CLANG_WARN_UNGUARDED_AVAILABILITY = YES_AGGRESSIVE;
				CLANG_WARN_UNREACHABLE_CODE = YES;
				CLANG_WARN__DUPLICATE_METHOD_MATCH = YES;
				COPY_PHASE_STRIP = NO;
				DEBUG_INFORMATION_FORMAT = dwarf;
				ENABLE_STRICT_OBJC_MSGSEND = YES;
				ENABLE_TESTABILITY = YES;
				GCC_C_LANGUAGE_STANDARD = gnu11;
				GCC_DYNAMIC_NO_PIC = NO;
				GCC_NO_COMMON_BLOCKS = YES;
				GCC_OPTIMIZATION_LEVEL = 0;
				GCC_PREPROCESSOR_DEFINITIONS = (
					"DEBUG=1",
					"$(inherited)",
				);
				GCC_WARN_64_TO_32_BIT_CONVERSION = YES;
				GCC_WARN_ABOUT_RETURN_TYPE = YES_ERROR;
				GCC_WARN_UNDECLARED_SELECTOR = YES;
				GCC_WARN_UNINITIALIZED_AUTOS = YES_AGGRESSIVE;
				GCC_WARN_UNUSED_FUNCTION = YES;
				GCC_WARN_UNUSED_VARIABLE = YES;
				IPHONEOS_DEPLOYMENT_TARGET = 13.0;
				MTL_ENABLE_DEBUG_INFO = INCLUDE_SOURCE;
				MTL_FAST_MATH = YES;
				ONLY_ACTIVE_ARCH = YES;
				SDKROOT = iphoneos;
				SWIFT_ACTIVE_COMPILATION_CONDITIONS = DEBUG;
				SWIFT_OPTIMIZATION_LEVEL = "-Onone";
			};
			name = Debug;
		};
		8E06A5CE256DEAFC009004DD /* Release */ = {
			isa = XCBuildConfiguration;
			buildSettings = {
				ALWAYS_SEARCH_USER_PATHS = NO;
				CLANG_ANALYZER_NONNULL = YES;
				CLANG_ANALYZER_NUMBER_OBJECT_CONVERSION = YES_AGGRESSIVE;
				CLANG_CXX_LANGUAGE_STANDARD = "gnu++14";
				CLANG_CXX_LIBRARY = "libc++";
				CLANG_ENABLE_MODULES = YES;
				CLANG_ENABLE_OBJC_ARC = YES;
				CLANG_ENABLE_OBJC_WEAK = YES;
				CLANG_WARN_BLOCK_CAPTURE_AUTORELEASING = YES;
				CLANG_WARN_BOOL_CONVERSION = YES;
				CLANG_WARN_COMMA = YES;
				CLANG_WARN_CONSTANT_CONVERSION = YES;
				CLANG_WARN_DEPRECATED_OBJC_IMPLEMENTATIONS = YES;
				CLANG_WARN_DIRECT_OBJC_ISA_USAGE = YES_ERROR;
				CLANG_WARN_DOCUMENTATION_COMMENTS = YES;
				CLANG_WARN_EMPTY_BODY = YES;
				CLANG_WARN_ENUM_CONVERSION = YES;
				CLANG_WARN_INFINITE_RECURSION = YES;
				CLANG_WARN_INT_CONVERSION = YES;
				CLANG_WARN_NON_LITERAL_NULL_CONVERSION = YES;
				CLANG_WARN_OBJC_IMPLICIT_RETAIN_SELF = YES;
				CLANG_WARN_OBJC_LITERAL_CONVERSION = YES;
				CLANG_WARN_OBJC_ROOT_CLASS = YES_ERROR;
				CLANG_WARN_QUOTED_INCLUDE_IN_FRAMEWORK_HEADER = YES;
				CLANG_WARN_RANGE_LOOP_ANALYSIS = YES;
				CLANG_WARN_STRICT_PROTOTYPES = YES;
				CLANG_WARN_SUSPICIOUS_MOVE = YES;
				CLANG_WARN_UNGUARDED_AVAILABILITY = YES_AGGRESSIVE;
				CLANG_WARN_UNREACHABLE_CODE = YES;
				CLANG_WARN__DUPLICATE_METHOD_MATCH = YES;
				COPY_PHASE_STRIP = NO;
				DEBUG_INFORMATION_FORMAT = "dwarf-with-dsym";
				ENABLE_NS_ASSERTIONS = NO;
				ENABLE_STRICT_OBJC_MSGSEND = YES;
				GCC_C_LANGUAGE_STANDARD = gnu11;
				GCC_NO_COMMON_BLOCKS = YES;
				GCC_WARN_64_TO_32_BIT_CONVERSION = YES;
				GCC_WARN_ABOUT_RETURN_TYPE = YES_ERROR;
				GCC_WARN_UNDECLARED_SELECTOR = YES;
				GCC_WARN_UNINITIALIZED_AUTOS = YES_AGGRESSIVE;
				GCC_WARN_UNUSED_FUNCTION = YES;
				GCC_WARN_UNUSED_VARIABLE = YES;
				IPHONEOS_DEPLOYMENT_TARGET = 13.0;
				MTL_ENABLE_DEBUG_INFO = NO;
				MTL_FAST_MATH = YES;
				SDKROOT = iphoneos;
				SWIFT_COMPILATION_MODE = wholemodule;
				SWIFT_OPTIMIZATION_LEVEL = "-O";
				VALIDATE_PRODUCT = YES;
			};
			name = Release;
		};
		8E06A5D0256DEAFC009004DD /* Debug */ = {
			isa = XCBuildConfiguration;
			buildSettings = {
				ASSETCATALOG_COMPILER_APPICON_NAME = AppIcon;
				ASSETCATALOG_COMPILER_GLOBAL_ACCENT_COLOR_NAME = AccentColor;
				CODE_SIGN_STYLE = Automatic;
				DEVELOPMENT_TEAM = "";
				FRAMEWORK_SEARCH_PATHS = (
					"$(inherited)",
					"$(PROJECT_DIR)/TestApp/lib",
					"$(PROJECT_DIR)",
					"$(PROJECT_DIR)/TestApp",
					"$(PROJECT_DIR)/TestApp/Universal",
					"$(PROJECT_DIR)/Universal",
				);
				INFOPLIST_FILE = TestApp/Info.plist;
				IPHONEOS_DEPLOYMENT_TARGET = 13.0;
				LD_RUNPATH_SEARCH_PATHS = (
					"$(inherited)",
					"@executable_path/Frameworks",
				);
				LIBRARY_SEARCH_PATHS = (
					"$(inherited)",
					"$(PROJECT_DIR)/TestApp/lib",
				);
				PRODUCT_BUNDLE_IDENTIFIER = com.brankas.DirectTestApp;
				PRODUCT_NAME = "$(TARGET_NAME)";
				SWIFT_INCLUDE_PATHS = "$(inherited) $(PROJECT_DIR)/TestApp/lib";
				SWIFT_VERSION = 5.0;
				TARGETED_DEVICE_FAMILY = 1;
				VALIDATE_WORKSPACE = YES;
			};
			name = Debug;
		};
		8E06A5D1256DEAFC009004DD /* Release */ = {
			isa = XCBuildConfiguration;
			buildSettings = {
				ASSETCATALOG_COMPILER_APPICON_NAME = AppIcon;
				ASSETCATALOG_COMPILER_GLOBAL_ACCENT_COLOR_NAME = AccentColor;
				CODE_SIGN_STYLE = Automatic;
				DEVELOPMENT_TEAM = "";
				FRAMEWORK_SEARCH_PATHS = (
					"$(inherited)",
					"$(PROJECT_DIR)/TestApp/lib",
					"$(PROJECT_DIR)",
					"$(PROJECT_DIR)/TestApp",
					"$(PROJECT_DIR)/TestApp/Universal",
					"$(PROJECT_DIR)/Universal",
				);
				INFOPLIST_FILE = TestApp/Info.plist;
				IPHONEOS_DEPLOYMENT_TARGET = 13.0;
				LD_RUNPATH_SEARCH_PATHS = (
					"$(inherited)",
					"@executable_path/Frameworks",
				);
				LIBRARY_SEARCH_PATHS = (
					"$(inherited)",
					"$(PROJECT_DIR)/TestApp/lib",
				);
				PRODUCT_BUNDLE_IDENTIFIER = com.brankas.DirectTestApp;
				PRODUCT_NAME = "$(TARGET_NAME)";
				SWIFT_INCLUDE_PATHS = "$(inherited) $(PROJECT_DIR)/TestApp/lib";
				SWIFT_VERSION = 5.0;
				TARGETED_DEVICE_FAMILY = 1;
				VALIDATE_WORKSPACE = YES;
			};
			name = Release;
		};
/* End XCBuildConfiguration section */

/* Begin XCConfigurationList section */
		8E06A5B6256DEAFB009004DD /* Build configuration list for PBXProject "TestApp" */ = {
			isa = XCConfigurationList;
			buildConfigurations = (
				8E06A5CD256DEAFC009004DD /* Debug */,
				8E06A5CE256DEAFC009004DD /* Release */,
			);
			defaultConfigurationIsVisible = 0;
			defaultConfigurationName = Release;
		};
		8E06A5CF256DEAFC009004DD /* Build configuration list for PBXNativeTarget "TestApp" */ = {
			isa = XCConfigurationList;
			buildConfigurations = (
				8E06A5D0256DEAFC009004DD /* Debug */,
				8E06A5D1256DEAFC009004DD /* Release */,
			);
			defaultConfigurationIsVisible = 0;
			defaultConfigurationName = Release;
		};
/* End XCConfigurationList section */

/* Begin XCRemoteSwiftPackageReference section */
		00AF44A928353AA9003F2656 /* XCRemoteSwiftPackageReference "RxSwift" */ = {
			isa = XCRemoteSwiftPackageReference;
			repositoryURL = "https://github.com/ReactiveX/RxSwift.git";
			requirement = {
				kind = upToNextMajorVersion;
				minimumVersion = 6.0.0;
			};
		};
		00F45A8E2833D95400749BD7 /* XCRemoteSwiftPackageReference "TPKeyboardAvoiding" */ = {
			isa = XCRemoteSwiftPackageReference;
			repositoryURL = "https://github.com/michaeltyson/TPKeyboardAvoiding";
			requirement = {
				kind = upToNextMajorVersion;
				minimumVersion = 1.0.0;
			};
		};
		00F45A982833F98D00749BD7 /* XCRemoteSwiftPackageReference "SDWebImageSVGCoder" */ = {
			isa = XCRemoteSwiftPackageReference;
			repositoryURL = "https://github.com/SDWebImage/SDWebImageSVGCoder.git";
			requirement = {
				kind = upToNextMajorVersion;
				minimumVersion = 1.0.0;
			};
		};
		8E90E39F2845F3A600C4AB07 /* XCRemoteSwiftPackageReference "core-sdk-ios" */ = {
			isa = XCRemoteSwiftPackageReference;
			repositoryURL = "https://github.com/brankas/core-sdk-ios";
			requirement = {
				branch = master;
				kind = branch;
			};
		};
/* End XCRemoteSwiftPackageReference section */

/* Begin XCSwiftPackageProductDependency section */
		00AF44AA28353AA9003F2656 /* RxCocoa */ = {
			isa = XCSwiftPackageProductDependency;
			package = 00AF44A928353AA9003F2656 /* XCRemoteSwiftPackageReference "RxSwift" */;
			productName = RxCocoa;
		};
		00AF44AC28353AA9003F2656 /* RxSwift */ = {
			isa = XCSwiftPackageProductDependency;
			package = 00AF44A928353AA9003F2656 /* XCRemoteSwiftPackageReference "RxSwift" */;
			productName = RxSwift;
		};
		00F45A8F2833D95400749BD7 /* TPKeyboardAvoiding */ = {
			isa = XCSwiftPackageProductDependency;
			package = 00F45A8E2833D95400749BD7 /* XCRemoteSwiftPackageReference "TPKeyboardAvoiding" */;
			productName = TPKeyboardAvoiding;
		};
		00F45A992833F98D00749BD7 /* SDWebImageSVGCoder */ = {
			isa = XCSwiftPackageProductDependency;
			package = 00F45A982833F98D00749BD7 /* XCRemoteSwiftPackageReference "SDWebImageSVGCoder" */;
			productName = SDWebImageSVGCoder;
		};
		8E90E3A02845F3A600C4AB07 /* DirectTap */ = {
			isa = XCSwiftPackageProductDependency;
			package = 8E90E39F2845F3A600C4AB07 /* XCRemoteSwiftPackageReference "core-sdk-ios" */;
			productName = DirectTap;
		};
/* End XCSwiftPackageProductDependency section */
	};
	rootObject = 8E06A5B3256DEAFB009004DD /* Project object */;
}
